
Microsoft Visual Studio Solution File, Format Version 12.00
# Visual Studio 15
Project("{FAE04EC0-301F-11D3-BF4B-00C04F79EFBC}") = "LayaVersion_Unity5.6", "LayaVersion_Unity5.6.csproj", "{8EA8756F-E8EB-4B85-A484-26C73A4B0057}"
EndProject
Project("{FAE04EC0-301F-11D3-BF4B-00C04F79EFBC}") = "LayaVersion_Unity5.6.Editor", "LayaVersion_Unity5.6.Editor.csproj", "{CAA2646A-D3DB-4D62-349D-B7F3D81BFC57}"
EndProject
Global
	GlobalSection(SolutionConfigurationPlatforms) = preSolution
		Debug|Any CPU = Debug|Any CPU
		Release|Any CPU = Release|Any CPU
	EndGlobalSection
	GlobalSection(ProjectConfigurationPlatforms) = postSolution
		{8EA8756F-E8EB-4B85-A484-26C73A4B0057}.Debug|Any CPU.ActiveCfg = Debug|Any CPU
		{8EA8756F-E8EB-4B85-A484-26C73A4B0057}.Debug|Any CPU.Build.0 = Debug|Any CPU
		{8EA8756F-E8EB-4B85-A484-26C73A4B0057}.Release|Any CPU.ActiveCfg = Release|Any CPU
		{8EA8756F-E8EB-4B85-A484-26C73A4B0057}.Release|Any CPU.Build.0 = Release|Any CPU
		{CAA2646A-D3DB-4D62-349D-B7F3D81BFC57}.Debug|Any CPU.ActiveCfg = Debug|Any CPU
		{CAA2646A-D3DB-4D62-349D-B7F3D81BFC57}.Debug|Any CPU.Build.0 = Debug|Any CPU
		{CAA2646A-D3DB-4D62-349D-B7F3D81BFC57}.Release|Any CPU.ActiveCfg = Release|Any CPU
		{CAA2646A-D3DB-4D62-349D-B7F3D81BFC57}.Release|Any CPU.Build.0 = Release|Any CPU
	EndGlobalSection
	GlobalSection(SolutionProperties) = preSolution
		HideSolutionNode = FALSE
	EndGlobalSection
EndGlobal
